
Microsoft Visual Studio Solution File, Format Version 12.00
# Visual Studio Version 17
VisualStudioVersion = 17.3.32825.248
MinimumVisualStudioVersion = 10.0.40219.1
Project("{8BC9CEB8-8B4A-11D0-8D11-00A0C91BC942}") = "02.01 类对象所占用的空间", "02.01 类对象所占用的空间.vcxproj", "{9569DFF9-CD5D-42CE-96CD-9DEA861AA59A}"
EndProject
Global
	GlobalSection(SolutionConfigurationPlatforms) = preSolution
		Debug|x64 = Debug|x64
		Debug|x86 = Debug|x86
		Release|x64 = Release|x64
		Release|x86 = Release|x86
	EndGlobalSection
	GlobalSection(ProjectConfigurationPlatforms) = postSolution
		{9569DFF9-CD5D-42CE-96CD-9DEA861AA59A}.Debug|x64.ActiveCfg = Debug|x64
		{9569DFF9-CD5D-42CE-96CD-9DEA861AA59A}.Debug|x64.Build.0 = Debug|x64
		{9569DFF9-CD5D-42CE-96CD-9DEA861AA59A}.Debug|x86.ActiveCfg = Debug|Win32
		{9569DFF9-CD5D-42CE-96CD-9DEA861AA59A}.Debug|x86.Build.0 = Debug|Win32
		{9569DFF9-CD5D-42CE-96CD-9DEA861AA59A}.Release|x64.ActiveCfg = Release|x64
		{9569DFF9-CD5D-42CE-96CD-9DEA861AA59A}.Release|x64.Build.0 = Release|x64
		{9569DFF9-CD5D-42CE-96CD-9DEA861AA59A}.Release|x86.ActiveCfg = Release|Win32
		{9569DFF9-CD5D-42CE-96CD-9DEA861AA59A}.Release|x86.Build.0 = Release|Win32
	EndGlobalSection
	GlobalSection(SolutionProperties) = preSolution
		HideSolutionNode = FALSE
	EndGlobalSection
	GlobalSection(ExtensibilityGlobals) = postSolution
		SolutionGuid = {D6A44349-533C-4DB5-A444-D8D6CD3090EE}
	EndGlobalSection
EndGlobal
